
Microsoft Visual Studio Solution File, Format Version 12.00
# Visual Studio Version 17
VisualStudioVersion = 17.4.33103.184
MinimumVisualStudioVersion = 10.0.40219.1
Project("{2150E333-8FDC-42A3-9474-1A3956D46DE8}") = "BuildingBlocks", "BuildingBlocks", "{DE082C0C-C42C-4524-A3E8-9651DE5039A7}"
EndProject
Project("{2150E333-8FDC-42A3-9474-1A3956D46DE8}") = "Services", "Services", "{15180736-4DE1-4E23-8D3C-323FF4C79CE9}"
EndProject
Project("{2150E333-8FDC-42A3-9474-1A3956D46DE8}") = "ApiGateway", "ApiGateway", "{44CFB0ED-3338-4515-A5AB-2E71E6544154}"
EndProject
Project("{2150E333-8FDC-42A3-9474-1A3956D46DE8}") = "Basket", "Basket", "{D6B763D5-E727-44ED-89E0-D4829ACFCB80}"
EndProject
Project("{2150E333-8FDC-42A3-9474-1A3956D46DE8}") = "Ordering", "Ordering", "{C0B6A6E2-83BC-40E5-8F0A-1CCD2923FBDD}"
EndProject
Project("{2150E333-8FDC-42A3-9474-1A3956D46DE8}") = "Catalog", "Catalog", "{69BEF121-DDF8-4730-9303-DC7434806CC3}"
EndProject
Project("{9A19103F-16F7-4668-BE54-9A1E7A4F7556}") = "Catalog.Api", "Catalog.Api\Catalog.Api.csproj", "{147EA597-DF4B-4296-8C09-2701A893D545}"
EndProject
Project("{E53339B2-1760-4266-BCC7-CA923CBCF16C}") = "docker-compose", "docker-compose.dcproj", "{8E52CF33-8D78-4959-A763-9C55A0135E55}"
EndProject
Project("{9A19103F-16F7-4668-BE54-9A1E7A4F7556}") = "Basket.Api", "Basket.Api\Basket.Api.csproj", "{FA6627D7-DB68-4244-9E8B-0E7D4AF4D3FB}"
EndProject
Project("{9A19103F-16F7-4668-BE54-9A1E7A4F7556}") = "EventBus.Messages", "EventBus.Messages\EventBus.Messages.csproj", "{11978844-DABE-47F8-920A-23F2703AAD38}"
EndProject
Project("{9A19103F-16F7-4668-BE54-9A1E7A4F7556}") = "Ordering.Api", "Ordering.Api\Ordering.Api.csproj", "{5113A5C7-8F8D-4F0A-81C2-DB74D3CED90D}"
EndProject
Project("{9A19103F-16F7-4668-BE54-9A1E7A4F7556}") = "Ordering.Infraestructure", "Ordering.Infraestructure\Ordering.Infraestructure.csproj", "{C063809C-4793-4408-A26A-E2C189EEED53}"
EndProject
Project("{9A19103F-16F7-4668-BE54-9A1E7A4F7556}") = "Ordering.Domain", "Ordering.Domain\Ordering.Domain.csproj", "{A9B73EBB-9F52-4C3A-82E9-8D1EA0F85788}"
EndProject
Project("{9A19103F-16F7-4668-BE54-9A1E7A4F7556}") = "Ordering.Application", "Ordering.Application\Ordering.Application.csproj", "{46BCD5FB-7200-4E4D-9D92-F6D4477F7CFA}"
EndProject
Project("{9A19103F-16F7-4668-BE54-9A1E7A4F7556}") = "Api.Gateway", "Api.Gateway\Api.Gateway.csproj", "{3C3E9B51-F9B5-47FC-A043-D23344967F40}"
EndProject
Project("{2150E333-8FDC-42A3-9474-1A3956D46DE8}") = "FrontEnd", "FrontEnd", "{D0B8F6AB-D27D-4864-9F24-A5CD039903D8}"
EndProject
Project("{2150E333-8FDC-42A3-9474-1A3956D46DE8}") = "App", "App", "{ED2EDCE7-DC41-4188-BC4C-16CBC8A8ED6A}"
EndProject
Project("{9A19103F-16F7-4668-BE54-9A1E7A4F7556}") = "DWShop.App", "DWShop.App\DWShop.App.csproj", "{D5BE755C-00FB-4BB2-B5A5-13C89524784E}"
EndProject
Global
	GlobalSection(SolutionConfigurationPlatforms) = preSolution
		Debug|Any CPU = Debug|Any CPU
		Release|Any CPU = Release|Any CPU
	EndGlobalSection
	GlobalSection(ProjectConfigurationPlatforms) = postSolution
		{147EA597-DF4B-4296-8C09-2701A893D545}.Debug|Any CPU.ActiveCfg = Debug|Any CPU
		{147EA597-DF4B-4296-8C09-2701A893D545}.Debug|Any CPU.Build.0 = Debug|Any CPU
		{147EA597-DF4B-4296-8C09-2701A893D545}.Release|Any CPU.ActiveCfg = Release|Any CPU
		{147EA597-DF4B-4296-8C09-2701A893D545}.Release|Any CPU.Build.0 = Release|Any CPU
		{8E52CF33-8D78-4959-A763-9C55A0135E55}.Debug|Any CPU.ActiveCfg = Debug|Any CPU
		{8E52CF33-8D78-4959-A763-9C55A0135E55}.Debug|Any CPU.Build.0 = Debug|Any CPU
		{8E52CF33-8D78-4959-A763-9C55A0135E55}.Release|Any CPU.ActiveCfg = Release|Any CPU
		{8E52CF33-8D78-4959-A763-9C55A0135E55}.Release|Any CPU.Build.0 = Release|Any CPU
		{FA6627D7-DB68-4244-9E8B-0E7D4AF4D3FB}.Debug|Any CPU.ActiveCfg = Debug|Any CPU
		{FA6627D7-DB68-4244-9E8B-0E7D4AF4D3FB}.Debug|Any CPU.Build.0 = Debug|Any CPU
		{FA6627D7-DB68-4244-9E8B-0E7D4AF4D3FB}.Release|Any CPU.ActiveCfg = Release|Any CPU
		{FA6627D7-DB68-4244-9E8B-0E7D4AF4D3FB}.Release|Any CPU.Build.0 = Release|Any CPU
		{11978844-DABE-47F8-920A-23F2703AAD38}.Debug|Any CPU.ActiveCfg = Debug|Any CPU
		{11978844-DABE-47F8-920A-23F2703AAD38}.Debug|Any CPU.Build.0 = Debug|Any CPU
		{11978844-DABE-47F8-920A-23F2703AAD38}.Release|Any CPU.ActiveCfg = Release|Any CPU
		{11978844-DABE-47F8-920A-23F2703AAD38}.Release|Any CPU.Build.0 = Release|Any CPU
		{5113A5C7-8F8D-4F0A-81C2-DB74D3CED90D}.Debug|Any CPU.ActiveCfg = Debug|Any CPU
		{5113A5C7-8F8D-4F0A-81C2-DB74D3CED90D}.Debug|Any CPU.Build.0 = Debug|Any CPU
		{5113A5C7-8F8D-4F0A-81C2-DB74D3CED90D}.Release|Any CPU.ActiveCfg = Release|Any CPU
		{5113A5C7-8F8D-4F0A-81C2-DB74D3CED90D}.Release|Any CPU.Build.0 = Release|Any CPU
		{C063809C-4793-4408-A26A-E2C189EEED53}.Debug|Any CPU.ActiveCfg = Debug|Any CPU
		{C063809C-4793-4408-A26A-E2C189EEED53}.Debug|Any CPU.Build.0 = Debug|Any CPU
		{C063809C-4793-4408-A26A-E2C189EEED53}.Release|Any CPU.ActiveCfg = Release|Any CPU
		{C063809C-4793-4408-A26A-E2C189EEED53}.Release|Any CPU.Build.0 = Release|Any CPU
		{A9B73EBB-9F52-4C3A-82E9-8D1EA0F85788}.Debug|Any CPU.ActiveCfg = Debug|Any CPU
		{A9B73EBB-9F52-4C3A-82E9-8D1EA0F85788}.Debug|Any CPU.Build.0 = Debug|Any CPU
		{A9B73EBB-9F52-4C3A-82E9-8D1EA0F85788}.Release|Any CPU.ActiveCfg = Release|Any CPU
		{A9B73EBB-9F52-4C3A-82E9-8D1EA0F85788}.Release|Any CPU.Build.0 = Release|Any CPU
		{46BCD5FB-7200-4E4D-9D92-F6D4477F7CFA}.Debug|Any CPU.ActiveCfg = Debug|Any CPU
		{46BCD5FB-7200-4E4D-9D92-F6D4477F7CFA}.Debug|Any CPU.Build.0 = Debug|Any CPU
		{46BCD5FB-7200-4E4D-9D92-F6D4477F7CFA}.Release|Any CPU.ActiveCfg = Release|Any CPU
		{46BCD5FB-7200-4E4D-9D92-F6D4477F7CFA}.Release|Any CPU.Build.0 = Release|Any CPU
		{3C3E9B51-F9B5-47FC-A043-D23344967F40}.Debug|Any CPU.ActiveCfg = Debug|Any CPU
		{3C3E9B51-F9B5-47FC-A043-D23344967F40}.Debug|Any CPU.Build.0 = Debug|Any CPU
		{3C3E9B51-F9B5-47FC-A043-D23344967F40}.Release|Any CPU.ActiveCfg = Release|Any CPU
		{3C3E9B51-F9B5-47FC-A043-D23344967F40}.Release|Any CPU.Build.0 = Release|Any CPU
		{D5BE755C-00FB-4BB2-B5A5-13C89524784E}.Debug|Any CPU.ActiveCfg = Debug|Any CPU
		{D5BE755C-00FB-4BB2-B5A5-13C89524784E}.Debug|Any CPU.Build.0 = Debug|Any CPU
		{D5BE755C-00FB-4BB2-B5A5-13C89524784E}.Debug|Any CPU.Deploy.0 = Debug|Any CPU
		{D5BE755C-00FB-4BB2-B5A5-13C89524784E}.Release|Any CPU.ActiveCfg = Release|Any CPU
		{D5BE755C-00FB-4BB2-B5A5-13C89524784E}.Release|Any CPU.Build.0 = Release|Any CPU
		{D5BE755C-00FB-4BB2-B5A5-13C89524784E}.Release|Any CPU.Deploy.0 = Release|Any CPU
	EndGlobalSection
	GlobalSection(SolutionProperties) = preSolution
		HideSolutionNode = FALSE
	EndGlobalSection
	GlobalSection(NestedProjects) = preSolution
		{44CFB0ED-3338-4515-A5AB-2E71E6544154} = {15180736-4DE1-4E23-8D3C-323FF4C79CE9}
		{D6B763D5-E727-44ED-89E0-D4829ACFCB80} = {15180736-4DE1-4E23-8D3C-323FF4C79CE9}
		{C0B6A6E2-83BC-40E5-8F0A-1CCD2923FBDD} = {15180736-4DE1-4E23-8D3C-323FF4C79CE9}
		{69BEF121-DDF8-4730-9303-DC7434806CC3} = {15180736-4DE1-4E23-8D3C-323FF4C79CE9}
		{147EA597-DF4B-4296-8C09-2701A893D545} = {69BEF121-DDF8-4730-9303-DC7434806CC3}
		{FA6627D7-DB68-4244-9E8B-0E7D4AF4D3FB} = {D6B763D5-E727-44ED-89E0-D4829ACFCB80}
		{11978844-DABE-47F8-920A-23F2703AAD38} = {DE082C0C-C42C-4524-A3E8-9651DE5039A7}
		{5113A5C7-8F8D-4F0A-81C2-DB74D3CED90D} = {C0B6A6E2-83BC-40E5-8F0A-1CCD2923FBDD}
		{C063809C-4793-4408-A26A-E2C189EEED53} = {C0B6A6E2-83BC-40E5-8F0A-1CCD2923FBDD}
		{A9B73EBB-9F52-4C3A-82E9-8D1EA0F85788} = {C0B6A6E2-83BC-40E5-8F0A-1CCD2923FBDD}
		{46BCD5FB-7200-4E4D-9D92-F6D4477F7CFA} = {C0B6A6E2-83BC-40E5-8F0A-1CCD2923FBDD}
		{3C3E9B51-F9B5-47FC-A043-D23344967F40} = {44CFB0ED-3338-4515-A5AB-2E71E6544154}
		{ED2EDCE7-DC41-4188-BC4C-16CBC8A8ED6A} = {D0B8F6AB-D27D-4864-9F24-A5CD039903D8}
		{D5BE755C-00FB-4BB2-B5A5-13C89524784E} = {ED2EDCE7-DC41-4188-BC4C-16CBC8A8ED6A}
	EndGlobalSection
	GlobalSection(ExtensibilityGlobals) = postSolution
		SolutionGuid = {69D939C0-1151-430D-A866-FAECD82B349B}
	EndGlobalSection
EndGlobal
